
Microsoft Visual Studio Solution File, Format Version 12.00
# Visual Studio Version 17
VisualStudioVersion = 17.1.32421.90
MinimumVisualStudioVersion = 10.0.40219.1
Project("{8BC9CEB8-8B4A-11D0-8D11-00A0C91BC942}") = "Curs", "Curs\Curs.vcxproj", "{595C0191-04D5-4F80-98EA-78C209AFEFED}"
EndProject
Global
	GlobalSection(SolutionConfigurationPlatforms) = preSolution
		Debug|x64 = Debug|x64
		Debug|x86 = Debug|x86
		Release|x64 = Release|x64
		Release|x86 = Release|x86
	EndGlobalSection
	GlobalSection(ProjectConfigurationPlatforms) = postSolution
		{595C0191-04D5-4F80-98EA-78C209AFEFED}.Debug|x64.ActiveCfg = Debug|x64
		{595C0191-04D5-4F80-98EA-78C209AFEFED}.Debug|x64.Build.0 = Debug|x64
		{595C0191-04D5-4F80-98EA-78C209AFEFED}.Debug|x86.ActiveCfg = Debug|Win32
		{595C0191-04D5-4F80-98EA-78C209AFEFED}.Debug|x86.Build.0 = Debug|Win32
		{595C0191-04D5-4F80-98EA-78C209AFEFED}.Release|x64.ActiveCfg = Release|x64
		{595C0191-04D5-4F80-98EA-78C209AFEFED}.Release|x64.Build.0 = Release|x64
		{595C0191-04D5-4F80-98EA-78C209AFEFED}.Release|x86.ActiveCfg = Release|Win32
		{595C0191-04D5-4F80-98EA-78C209AFEFED}.Release|x86.Build.0 = Release|Win32
	EndGlobalSection
	GlobalSection(SolutionProperties) = preSolution
		HideSolutionNode = FALSE
	EndGlobalSection
	GlobalSection(ExtensibilityGlobals) = postSolution
		SolutionGuid = {0B0FB154-DB94-48BB-8FFC-13BAE546A457}
	EndGlobalSection
EndGlobal
